
Microsoft Visual Studio Solution File, Format Version 12.00
# Visual Studio Version 16
VisualStudioVersion = 16.0.33927.289
MinimumVisualStudioVersion = 10.0.40219.1
Project("{9A19103F-16F7-4668-BE54-9A1E7A4F7556}") = "ShoppingCart", "ShoppingCart.csproj", "{49C016BA-A48C-46B0-855A-F09B5CE83A0C}"
EndProject
Project("{9A19103F-16F7-4668-BE54-9A1E7A4F7556}") = "Models", "..\Models\Models.csproj", "{02E688EA-B487-4F30-B524-01BC7976316F}"
EndProject
Project("{9A19103F-16F7-4668-BE54-9A1E7A4F7556}") = "DataAccessLayer", "..\DataAccessLayer\DataAccessLayer.csproj", "{380C5498-8D07-4EB6-B4E8-44D997DABD89}"
EndProject
Project("{9A19103F-16F7-4668-BE54-9A1E7A4F7556}") = "BusinessLayer", "..\BusinessLayer\BusinessLayer.csproj", "{7DD1A24C-20A9-47C3-9706-22C6B08549F0}"
EndProject
Project("{FAE04EC0-301F-11D3-BF4B-00C04F79EFBC}") = "TestProject1", "..\TestProject1\TestProject1.csproj", "{24377E30-732C-489D-8AAB-3956D18AF12C}"
EndProject
Global
	GlobalSection(SolutionConfigurationPlatforms) = preSolution
		Debug|Any CPU = Debug|Any CPU
		Release|Any CPU = Release|Any CPU
	EndGlobalSection
	GlobalSection(ProjectConfigurationPlatforms) = postSolution
		{49C016BA-A48C-46B0-855A-F09B5CE83A0C}.Debug|Any CPU.ActiveCfg = Debug|Any CPU
		{49C016BA-A48C-46B0-855A-F09B5CE83A0C}.Debug|Any CPU.Build.0 = Debug|Any CPU
		{49C016BA-A48C-46B0-855A-F09B5CE83A0C}.Release|Any CPU.ActiveCfg = Release|Any CPU
		{49C016BA-A48C-46B0-855A-F09B5CE83A0C}.Release|Any CPU.Build.0 = Release|Any CPU
		{02E688EA-B487-4F30-B524-01BC7976316F}.Debug|Any CPU.ActiveCfg = Debug|Any CPU
		{02E688EA-B487-4F30-B524-01BC7976316F}.Debug|Any CPU.Build.0 = Debug|Any CPU
		{02E688EA-B487-4F30-B524-01BC7976316F}.Release|Any CPU.ActiveCfg = Release|Any CPU
		{02E688EA-B487-4F30-B524-01BC7976316F}.Release|Any CPU.Build.0 = Release|Any CPU
		{380C5498-8D07-4EB6-B4E8-44D997DABD89}.Debug|Any CPU.ActiveCfg = Debug|Any CPU
		{380C5498-8D07-4EB6-B4E8-44D997DABD89}.Debug|Any CPU.Build.0 = Debug|Any CPU
		{380C5498-8D07-4EB6-B4E8-44D997DABD89}.Release|Any CPU.ActiveCfg = Release|Any CPU
		{380C5498-8D07-4EB6-B4E8-44D997DABD89}.Release|Any CPU.Build.0 = Release|Any CPU
		{7DD1A24C-20A9-47C3-9706-22C6B08549F0}.Debug|Any CPU.ActiveCfg = Debug|Any CPU
		{7DD1A24C-20A9-47C3-9706-22C6B08549F0}.Debug|Any CPU.Build.0 = Debug|Any CPU
		{7DD1A24C-20A9-47C3-9706-22C6B08549F0}.Release|Any CPU.ActiveCfg = Release|Any CPU
		{7DD1A24C-20A9-47C3-9706-22C6B08549F0}.Release|Any CPU.Build.0 = Release|Any CPU
		{24377E30-732C-489D-8AAB-3956D18AF12C}.Debug|Any CPU.ActiveCfg = Debug|Any CPU
		{24377E30-732C-489D-8AAB-3956D18AF12C}.Debug|Any CPU.Build.0 = Debug|Any CPU
		{24377E30-732C-489D-8AAB-3956D18AF12C}.Release|Any CPU.ActiveCfg = Release|Any CPU
		{24377E30-732C-489D-8AAB-3956D18AF12C}.Release|Any CPU.Build.0 = Release|Any CPU
	EndGlobalSection
	GlobalSection(SolutionProperties) = preSolution
		HideSolutionNode = FALSE
	EndGlobalSection
	GlobalSection(ExtensibilityGlobals) = postSolution
		SolutionGuid = {53E45A92-E8EC-402F-9199-912E0CEDB98C}
	EndGlobalSection
EndGlobal
